// !$*UTF8*$!
{
	archiveVersion = 1;
	classes = {
	};
	objectVersion = 50;
	objects = {

/* Begin PBXBuildFile section */
		0A5D24652573629900241A5B /* TeamDetailView.swift in Sources */ = {isa = PBXBuildFile; fileRef = 0A5D24642573629900241A5B /* TeamDetailView.swift */; };
		0A95A3A6257561E700D106EE /* DataLoader.swift in Sources */ = {isa = PBXBuildFile; fileRef = 0A95A3A5257561E700D106EE /* DataLoader.swift */; };
		0AD8A31825760B83009489A7 /* MatchRow.swift in Sources */ = {isa = PBXBuildFile; fileRef = 0AD8A31725760B83009489A7 /* MatchRow.swift */; };
		0AD8A31B25760D6B009489A7 /* matchData.json in Resources */ = {isa = PBXBuildFile; fileRef = 0AD8A31A25760D6B009489A7 /* matchData.json */; };
		0AD8A31F25763FD8009489A7 /* MatchWeekView.swift in Sources */ = {isa = PBXBuildFile; fileRef = 0AD8A31E25763FD8009489A7 /* MatchWeekView.swift */; };
		AC91448D257532EC0076C4C4 /* basicTeamData.json in Resources */ = {isa = PBXBuildFile; fileRef = AC91448C257532EC0076C4C4 /* basicTeamData.json */; };
		ACF9E98D257242860051F177 /* PrepareData.swift in Sources */ = {isa = PBXBuildFile; fileRef = ACF9E98C257242860051F177 /* PrepareData.swift */; };
		ACF9E991257246560051F177 /* csvfile.csv in Resources */ = {isa = PBXBuildFile; fileRef = ACF9E990257246560051F177 /* csvfile.csv */; };
		ACF9E9942572468C0051F177 /* UsefullFunctions.swift in Sources */ = {isa = PBXBuildFile; fileRef = ACF9E9932572468C0051F177 /* UsefullFunctions.swift */; };
		ACFE6B052572333200163E8B /* AppDelegate.swift in Sources */ = {isa = PBXBuildFile; fileRef = ACFE6B042572333200163E8B /* AppDelegate.swift */; };
		ACFE6B072572333200163E8B /* SceneDelegate.swift in Sources */ = {isa = PBXBuildFile; fileRef = ACFE6B062572333200163E8B /* SceneDelegate.swift */; };
		ACFE6B092572333200163E8B /* MainView.swift in Sources */ = {isa = PBXBuildFile; fileRef = ACFE6B082572333200163E8B /* MainView.swift */; };
		ACFE6B0B2572333500163E8B /* Assets.xcassets in Resources */ = {isa = PBXBuildFile; fileRef = ACFE6B0A2572333500163E8B /* Assets.xcassets */; };
		ACFE6B0E2572333500163E8B /* Preview Assets.xcassets in Resources */ = {isa = PBXBuildFile; fileRef = ACFE6B0D2572333500163E8B /* Preview Assets.xcassets */; };
		ACFE6B112572333500163E8B /* LaunchScreen.storyboard in Resources */ = {isa = PBXBuildFile; fileRef = ACFE6B0F2572333500163E8B /* LaunchScreen.storyboard */; };
		ACFE6B20257238A100163E8B /* TeamTableView.swift in Sources */ = {isa = PBXBuildFile; fileRef = ACFE6B1F257238A100163E8B /* TeamTableView.swift */; };
		ACFE6B2525723B1500163E8B /* Team.swift in Sources */ = {isa = PBXBuildFile; fileRef = ACFE6B2425723B1500163E8B /* Team.swift */; };
		ACFE6B2825723B3E00163E8B /* Match.swift in Sources */ = {isa = PBXBuildFile; fileRef = ACFE6B2725723B3E00163E8B /* Match.swift */; };
		ACFE6B2B2572400100163E8B /* TeamRow.swift in Sources */ = {isa = PBXBuildFile; fileRef = ACFE6B2A2572400100163E8B /* TeamRow.swift */; };
/* End PBXBuildFile section */

/* Begin PBXFileReference section */
		0A5D24642573629900241A5B /* TeamDetailView.swift */ = {isa = PBXFileReference; lastKnownFileType = sourcecode.swift; path = TeamDetailView.swift; sourceTree = "<group>"; };
		0A95A3A5257561E700D106EE /* DataLoader.swift */ = {isa = PBXFileReference; lastKnownFileType = sourcecode.swift; path = DataLoader.swift; sourceTree = "<group>"; };
		0AD8A31725760B83009489A7 /* MatchRow.swift */ = {isa = PBXFileReference; lastKnownFileType = sourcecode.swift; path = MatchRow.swift; sourceTree = "<group>"; };
		0AD8A31A25760D6B009489A7 /* matchData.json */ = {isa = PBXFileReference; lastKnownFileType = text.json; path = matchData.json; sourceTree = "<group>"; };
		0AD8A31E25763FD8009489A7 /* MatchWeekView.swift */ = {isa = PBXFileReference; lastKnownFileType = sourcecode.swift; path = MatchWeekView.swift; sourceTree = "<group>"; };
		AC91448C257532EC0076C4C4 /* basicTeamData.json */ = {isa = PBXFileReference; lastKnownFileType = text.json; path = basicTeamData.json; sourceTree = "<group>"; };
		ACF9E98C257242860051F177 /* PrepareData.swift */ = {isa = PBXFileReference; lastKnownFileType = sourcecode.swift; path = PrepareData.swift; sourceTree = "<group>"; };
		ACF9E990257246560051F177 /* csvfile.csv */ = {isa = PBXFileReference; fileEncoding = 4; lastKnownFileType = text; path = csvfile.csv; sourceTree = "<group>"; };
		ACF9E9932572468C0051F177 /* UsefullFunctions.swift */ = {isa = PBXFileReference; lastKnownFileType = sourcecode.swift; path = UsefullFunctions.swift; sourceTree = "<group>"; };
		ACFE6B012572333200163E8B /* assignment2.app */ = {isa = PBXFileReference; explicitFileType = wrapper.application; includeInIndex = 0; path = assignment2.app; sourceTree = BUILT_PRODUCTS_DIR; };
		ACFE6B042572333200163E8B /* AppDelegate.swift */ = {isa = PBXFileReference; lastKnownFileType = sourcecode.swift; path = AppDelegate.swift; sourceTree = "<group>"; };
		ACFE6B062572333200163E8B /* SceneDelegate.swift */ = {isa = PBXFileReference; lastKnownFileType = sourcecode.swift; path = SceneDelegate.swift; sourceTree = "<group>"; };
		ACFE6B082572333200163E8B /* MainView.swift */ = {isa = PBXFileReference; lastKnownFileType = sourcecode.swift; path = MainView.swift; sourceTree = "<group>"; };
		ACFE6B0A2572333500163E8B /* Assets.xcassets */ = {isa = PBXFileReference; lastKnownFileType = folder.assetcatalog; path = Assets.xcassets; sourceTree = "<group>"; };
		ACFE6B0D2572333500163E8B /* Preview Assets.xcassets */ = {isa = PBXFileReference; lastKnownFileType = folder.assetcatalog; path = "Preview Assets.xcassets"; sourceTree = "<group>"; };
		ACFE6B102572333500163E8B /* Base */ = {isa = PBXFileReference; lastKnownFileType = file.storyboard; name = Base; path = Base.lproj/LaunchScreen.storyboard; sourceTree = "<group>"; };
		ACFE6B122572333500163E8B /* Info.plist */ = {isa = PBXFileReference; lastKnownFileType = text.plist.xml; path = Info.plist; sourceTree = "<group>"; };
		ACFE6B1F257238A100163E8B /* TeamTableView.swift */ = {isa = PBXFileReference; lastKnownFileType = sourcecode.swift; path = TeamTableView.swift; sourceTree = "<group>"; };
		ACFE6B2425723B1500163E8B /* Team.swift */ = {isa = PBXFileReference; lastKnownFileType = sourcecode.swift; path = Team.swift; sourceTree = "<group>"; };
		ACFE6B2725723B3E00163E8B /* Match.swift */ = {isa = PBXFileReference; lastKnownFileType = sourcecode.swift; path = Match.swift; sourceTree = "<group>"; };
		ACFE6B2A2572400100163E8B /* TeamRow.swift */ = {isa = PBXFileReference; lastKnownFileType = sourcecode.swift; path = TeamRow.swift; sourceTree = "<group>"; };
/* End PBXFileReference section */

/* Begin PBXFrameworksBuildPhase section */
		ACFE6AFE2572333200163E8B /* Frameworks */ = {
			isa = PBXFrameworksBuildPhase;
			buildActionMask = 2147483647;
			files = (
			);
			runOnlyForDeploymentPostprocessing = 0;
		};
/* End PBXFrameworksBuildPhase section */

/* Begin PBXGroup section */
		ACF9E98B257242560051F177 /* preparedata */ = {
			isa = PBXGroup;
			children = (
				AC91448C257532EC0076C4C4 /* basicTeamData.json */,
				ACF9E990257246560051F177 /* csvfile.csv */,
				ACF9E98C257242860051F177 /* PrepareData.swift */,
				ACF9E9932572468C0051F177 /* UsefullFunctions.swift */,
				0A95A3A5257561E700D106EE /* DataLoader.swift */,
				0AD8A31A25760D6B009489A7 /* matchData.json */,
			);
			path = preparedata;
			sourceTree = "<group>";
		};
		ACFE6AF82572333200163E8B = {
			isa = PBXGroup;
			children = (
				ACFE6B032572333200163E8B /* assignment2 */,
				ACFE6B022572333200163E8B /* Products */,
			);
			sourceTree = "<group>";
		};
		ACFE6B022572333200163E8B /* Products */ = {
			isa = PBXGroup;
			children = (
				ACFE6B012572333200163E8B /* assignment2.app */,
			);
			name = Products;
			sourceTree = "<group>";
		};
		ACFE6B032572333200163E8B /* assignment2 */ = {
			isa = PBXGroup;
			children = (
				ACF9E98B257242560051F177 /* preparedata */,
				ACFE6B22257239BC00163E8B /* models */,
				ACFE6B1E2572386300163E8B /* views */,
				ACFE6B192572369E00163E8B /* components */,
				ACFE6B042572333200163E8B /* AppDelegate.swift */,
				ACFE6B062572333200163E8B /* SceneDelegate.swift */,
				ACFE6B082572333200163E8B /* MainView.swift */,
				ACFE6B0A2572333500163E8B /* Assets.xcassets */,
				ACFE6B0F2572333500163E8B /* LaunchScreen.storyboard */,
				ACFE6B122572333500163E8B /* Info.plist */,
				ACFE6B0C2572333500163E8B /* Preview Content */,
			);
			path = assignment2;
			sourceTree = "<group>";
		};
		ACFE6B0C2572333500163E8B /* Preview Content */ = {
			isa = PBXGroup;
			children = (
				ACFE6B0D2572333500163E8B /* Preview Assets.xcassets */,
			);
			path = "Preview Content";
			sourceTree = "<group>";
		};
		ACFE6B192572369E00163E8B /* components */ = {
			isa = PBXGroup;
			children = (
				ACFE6B2A2572400100163E8B /* TeamRow.swift */,
				0AD8A31725760B83009489A7 /* MatchRow.swift */,
			);
			path = components;
			sourceTree = "<group>";
		};
		ACFE6B1E2572386300163E8B /* views */ = {
			isa = PBXGroup;
			children = (
				ACFE6B1F257238A100163E8B /* TeamTableView.swift */,
				0A5D24642573629900241A5B /* TeamDetailView.swift */,
				0AD8A31E25763FD8009489A7 /* MatchWeekView.swift */,
			);
			path = views;
			sourceTree = "<group>";
		};
		ACFE6B22257239BC00163E8B /* models */ = {
			isa = PBXGroup;
			children = (
				ACFE6B2425723B1500163E8B /* Team.swift */,
				ACFE6B2725723B3E00163E8B /* Match.swift */,
			);
			path = models;
			sourceTree = "<group>";
		};
/* End PBXGroup section */

/* Begin PBXNativeTarget section */
		ACFE6B002572333200163E8B /* assignment2 */ = {
			isa = PBXNativeTarget;
			buildConfigurationList = ACFE6B152572333500163E8B /* Build configuration list for PBXNativeTarget "assignment2" */;
			buildPhases = (
				ACFE6AFD2572333200163E8B /* Sources */,
				ACFE6AFE2572333200163E8B /* Frameworks */,
				ACFE6AFF2572333200163E8B /* Resources */,
			);
			buildRules = (
			);
			dependencies = (
			);
			name = assignment2;
			productName = assignment2;
			productReference = ACFE6B012572333200163E8B /* assignment2.app */;
			productType = "com.apple.product-type.application";
		};
/* End PBXNativeTarget section */

/* Begin PBXProject section */
		ACFE6AF92572333200163E8B /* Project object */ = {
			isa = PBXProject;
			attributes = {
				LastSwiftUpdateCheck = 1200;
				LastUpgradeCheck = 1200;
				TargetAttributes = {
					ACFE6B002572333200163E8B = {
						CreatedOnToolsVersion = 12.0.1;
					};
				};
			};
			buildConfigurationList = ACFE6AFC2572333200163E8B /* Build configuration list for PBXProject "assignment2" */;
			compatibilityVersion = "Xcode 9.3";
			developmentRegion = en;
			hasScannedForEncodings = 0;
			knownRegions = (
				en,
				Base,
			);
			mainGroup = ACFE6AF82572333200163E8B;
			productRefGroup = ACFE6B022572333200163E8B /* Products */;
			projectDirPath = "";
			projectRoot = "";
			targets = (
				ACFE6B002572333200163E8B /* assignment2 */,
			);
		};
/* End PBXProject section */

/* Begin PBXResourcesBuildPhase section */
		ACFE6AFF2572333200163E8B /* Resources */ = {
			isa = PBXResourcesBuildPhase;
			buildActionMask = 2147483647;
			files = (
				ACFE6B112572333500163E8B /* LaunchScreen.storyboard in Resources */,
				AC91448D257532EC0076C4C4 /* basicTeamData.json in Resources */,
				ACFE6B0E2572333500163E8B /* Preview Assets.xcassets in Resources */,
				0AD8A31B25760D6B009489A7 /* matchData.json in Resources */,
				ACF9E991257246560051F177 /* csvfile.csv in Resources */,
				ACFE6B0B2572333500163E8B /* Assets.xcassets in Resources */,
			);
			runOnlyForDeploymentPostprocessing = 0;
		};
/* End PBXResourcesBuildPhase section */

/* Begin PBXSourcesBuildPhase section */
		ACFE6AFD2572333200163E8B /* Sources */ = {
			isa = PBXSourcesBuildPhase;
			buildActionMask = 2147483647;
			files = (
				0A95A3A6257561E700D106EE /* DataLoader.swift in Sources */,
				ACFE6B20257238A100163E8B /* TeamTableView.swift in Sources */,
				0AD8A31825760B83009489A7 /* MatchRow.swift in Sources */,
				ACFE6B052572333200163E8B /* AppDelegate.swift in Sources */,
				ACFE6B072572333200163E8B /* SceneDelegate.swift in Sources */,
				ACFE6B2B2572400100163E8B /* TeamRow.swift in Sources */,
				ACFE6B2525723B1500163E8B /* Team.swift in Sources */,
				ACF9E98D257242860051F177 /* PrepareData.swift in Sources */,
				ACFE6B092572333200163E8B /* MainView.swift in Sources */,
				ACF9E9942572468C0051F177 /* UsefullFunctions.swift in Sources */,
				0AD8A31F25763FD8009489A7 /* MatchWeekView.swift in Sources */,
				0A5D24652573629900241A5B /* TeamDetailView.swift in Sources */,
				ACFE6B2825723B3E00163E8B /* Match.swift in Sources */,
			);
			runOnlyForDeploymentPostprocessing = 0;
		};
/* End PBXSourcesBuildPhase section */

/* Begin PBXVariantGroup section */
		ACFE6B0F2572333500163E8B /* LaunchScreen.storyboard */ = {
			isa = PBXVariantGroup;
			children = (
				ACFE6B102572333500163E8B /* Base */,
			);
			name = LaunchScreen.storyboard;
			sourceTree = "<group>";
		};
/* End PBXVariantGroup section */

/* Begin XCBuildConfiguration section */
		ACFE6B132572333500163E8B /* Debug */ = {
			isa = XCBuildConfiguration;
			buildSettings = {
				ALWAYS_SEARCH_USER_PATHS = NO;
				CLANG_ANALYZER_NONNULL = YES;
				CLANG_ANALYZER_NUMBER_OBJECT_CONVERSION = YES_AGGRESSIVE;
				CLANG_CXX_LANGUAGE_STANDARD = "gnu++14";
				CLANG_CXX_LIBRARY = "libc++";
				CLANG_ENABLE_MODULES = YES;
				CLANG_ENABLE_OBJC_ARC = YES;
				CLANG_ENABLE_OBJC_WEAK = YES;
				CLANG_WARN_BLOCK_CAPTURE_AUTORELEASING = YES;
				CLANG_WARN_BOOL_CONVERSION = YES;
				CLANG_WARN_COMMA = YES;
				CLANG_WARN_CONSTANT_CONVERSION = YES;
				CLANG_WARN_DEPRECATED_OBJC_IMPLEMENTATIONS = YES;
				CLANG_WARN_DIRECT_OBJC_ISA_USAGE = YES_ERROR;
				CLANG_WARN_DOCUMENTATION_COMMENTS = YES;
				CLANG_WARN_EMPTY_BODY = YES;
				CLANG_WARN_ENUM_CONVERSION = YES;
				CLANG_WARN_INFINITE_RECURSION = YES;
				CLANG_WARN_INT_CONVERSION = YES;
				CLANG_WARN_NON_LITERAL_NULL_CONVERSION = YES;
				CLANG_WARN_OBJC_IMPLICIT_RETAIN_SELF = YES;
				CLANG_WARN_OBJC_LITERAL_CONVERSION = YES;
				CLANG_WARN_OBJC_ROOT_CLASS = YES_ERROR;
				CLANG_WARN_QUOTED_INCLUDE_IN_FRAMEWORK_HEADER = YES;
				CLANG_WARN_RANGE_LOOP_ANALYSIS = YES;
				CLANG_WARN_STRICT_PROTOTYPES = YES;
				CLANG_WARN_SUSPICIOUS_MOVE = YES;
				CLANG_WARN_UNGUARDED_AVAILABILITY = YES_AGGRESSIVE;
				CLANG_WARN_UNREACHABLE_CODE = YES;
				CLANG_WARN__DUPLICATE_METHOD_MATCH = YES;
				COPY_PHASE_STRIP = NO;
				DEBUG_INFORMATION_FORMAT = dwarf;
				ENABLE_STRICT_OBJC_MSGSEND = YES;
				ENABLE_TESTABILITY = YES;
				GCC_C_LANGUAGE_STANDARD = gnu11;
				GCC_DYNAMIC_NO_PIC = NO;
				GCC_NO_COMMON_BLOCKS = YES;
				GCC_OPTIMIZATION_LEVEL = 0;
				GCC_PREPROCESSOR_DEFINITIONS = (
					"DEBUG=1",
					"$(inherited)",
				);
				GCC_WARN_64_TO_32_BIT_CONVERSION = YES;
				GCC_WARN_ABOUT_RETURN_TYPE = YES_ERROR;
				GCC_WARN_UNDECLARED_SELECTOR = YES;
				GCC_WARN_UNINITIALIZED_AUTOS = YES_AGGRESSIVE;
				GCC_WARN_UNUSED_FUNCTION = YES;
				GCC_WARN_UNUSED_VARIABLE = YES;
				IPHONEOS_DEPLOYMENT_TARGET = 14.0;
				MTL_ENABLE_DEBUG_INFO = INCLUDE_SOURCE;
				MTL_FAST_MATH = YES;
				ONLY_ACTIVE_ARCH = YES;
				SDKROOT = iphoneos;
				SWIFT_ACTIVE_COMPILATION_CONDITIONS = DEBUG;
				SWIFT_OPTIMIZATION_LEVEL = "-Onone";
			};
			name = Debug;
		};
		ACFE6B142572333500163E8B /* Release */ = {
			isa = XCBuildConfiguration;
			buildSettings = {
				ALWAYS_SEARCH_USER_PATHS = NO;
				CLANG_ANALYZER_NONNULL = YES;
				CLANG_ANALYZER_NUMBER_OBJECT_CONVERSION = YES_AGGRESSIVE;
				CLANG_CXX_LANGUAGE_STANDARD = "gnu++14";
				CLANG_CXX_LIBRARY = "libc++";
				CLANG_ENABLE_MODULES = YES;
				CLANG_ENABLE_OBJC_ARC = YES;
				CLANG_ENABLE_OBJC_WEAK = YES;
				CLANG_WARN_BLOCK_CAPTURE_AUTORELEASING = YES;
				CLANG_WARN_BOOL_CONVERSION = YES;
				CLANG_WARN_COMMA = YES;
				CLANG_WARN_CONSTANT_CONVERSION = YES;
				CLANG_WARN_DEPRECATED_OBJC_IMPLEMENTATIONS = YES;
				CLANG_WARN_DIRECT_OBJC_ISA_USAGE = YES_ERROR;
				CLANG_WARN_DOCUMENTATION_COMMENTS = YES;
				CLANG_WARN_EMPTY_BODY = YES;
				CLANG_WARN_ENUM_CONVERSION = YES;
				CLANG_WARN_INFINITE_RECURSION = YES;
				CLANG_WARN_INT_CONVERSION = YES;
				CLANG_WARN_NON_LITERAL_NULL_CONVERSION = YES;
				CLANG_WARN_OBJC_IMPLICIT_RETAIN_SELF = YES;
				CLANG_WARN_OBJC_LITERAL_CONVERSION = YES;
				CLANG_WARN_OBJC_ROOT_CLASS = YES_ERROR;
				CLANG_WARN_QUOTED_INCLUDE_IN_FRAMEWORK_HEADER = YES;
				CLANG_WARN_RANGE_LOOP_ANALYSIS = YES;
				CLANG_WARN_STRICT_PROTOTYPES = YES;
				CLANG_WARN_SUSPICIOUS_MOVE = YES;
				CLANG_WARN_UNGUARDED_AVAILABILITY = YES_AGGRESSIVE;
				CLANG_WARN_UNREACHABLE_CODE = YES;
				CLANG_WARN__DUPLICATE_METHOD_MATCH = YES;
				COPY_PHASE_STRIP = NO;
				DEBUG_INFORMATION_FORMAT = "dwarf-with-dsym";
				ENABLE_NS_ASSERTIONS = NO;
				ENABLE_STRICT_OBJC_MSGSEND = YES;
				GCC_C_LANGUAGE_STANDARD = gnu11;
				GCC_NO_COMMON_BLOCKS = YES;
				GCC_WARN_64_TO_32_BIT_CONVERSION = YES;
				GCC_WARN_ABOUT_RETURN_TYPE = YES_ERROR;
				GCC_WARN_UNDECLARED_SELECTOR = YES;
				GCC_WARN_UNINITIALIZED_AUTOS = YES_AGGRESSIVE;
				GCC_WARN_UNUSED_FUNCTION = YES;
				GCC_WARN_UNUSED_VARIABLE = YES;
				IPHONEOS_DEPLOYMENT_TARGET = 14.0;
				MTL_ENABLE_DEBUG_INFO = NO;
				MTL_FAST_MATH = YES;
				SDKROOT = iphoneos;
				SWIFT_COMPILATION_MODE = wholemodule;
				SWIFT_OPTIMIZATION_LEVEL = "-O";
				VALIDATE_PRODUCT = YES;
			};
			name = Release;
		};
		ACFE6B162572333500163E8B /* Debug */ = {
			isa = XCBuildConfiguration;
			buildSettings = {
				ASSETCATALOG_COMPILER_APPICON_NAME = AppIcon;
				ASSETCATALOG_COMPILER_GLOBAL_ACCENT_COLOR_NAME = AccentColor;
				CODE_SIGN_STYLE = Automatic;
				DEVELOPMENT_ASSET_PATHS = "\"assignment2/Preview Content\"";
				ENABLE_PREVIEWS = YES;
				INFOPLIST_FILE = assignment2/Info.plist;
				LD_RUNPATH_SEARCH_PATHS = (
					"$(inherited)",
					"@executable_path/Frameworks",
				);
				PRODUCT_BUNDLE_IDENTIFIER = com.rmit.assignment2;
				PRODUCT_NAME = "$(TARGET_NAME)";
				SWIFT_VERSION = 5.0;
				TARGETED_DEVICE_FAMILY = "1,2";
			};
			name = Debug;
		};
		ACFE6B172572333500163E8B /* Release */ = {
			isa = XCBuildConfiguration;
			buildSettings = {
				ASSETCATALOG_COMPILER_APPICON_NAME = AppIcon;
				ASSETCATALOG_COMPILER_GLOBAL_ACCENT_COLOR_NAME = AccentColor;
				CODE_SIGN_STYLE = Automatic;
				DEVELOPMENT_ASSET_PATHS = "\"assignment2/Preview Content\"";
				ENABLE_PREVIEWS = YES;
				INFOPLIST_FILE = assignment2/Info.plist;
				LD_RUNPATH_SEARCH_PATHS = (
					"$(inherited)",
					"@executable_path/Frameworks",
				);
				PRODUCT_BUNDLE_IDENTIFIER = com.rmit.assignment2;
				PRODUCT_NAME = "$(TARGET_NAME)";
				SWIFT_VERSION = 5.0;
				TARGETED_DEVICE_FAMILY = "1,2";
			};
			name = Release;
		};
/* End XCBuildConfiguration section */

/* Begin XCConfigurationList section */
		ACFE6AFC2572333200163E8B /* Build configuration list for PBXProject "assignment2" */ = {
			isa = XCConfigurationList;
			buildConfigurations = (
				ACFE6B132572333500163E8B /* Debug */,
				ACFE6B142572333500163E8B /* Release */,
			);
			defaultConfigurationIsVisible = 0;
			defaultConfigurationName = Release;
		};
		ACFE6B152572333500163E8B /* Build configuration list for PBXNativeTarget "assignment2" */ = {
			isa = XCConfigurationList;
			buildConfigurations = (
				ACFE6B162572333500163E8B /* Debug */,
				ACFE6B172572333500163E8B /* Release */,
			);
			defaultConfigurationIsVisible = 0;
			defaultConfigurationName = Release;
		};
/* End XCConfigurationList section */
	};
	rootObject = ACFE6AF92572333200163E8B /* Project object */;
}
